
Microsoft Visual Studio Solution File, Format Version 12.00
# Visual Studio Version 17
VisualStudioVersion = 17.10.35122.118
MinimumVisualStudioVersion = 10.0.40219.1
Project("{FAE04EC0-301F-11D3-BF4B-00C04F79EFBC}") = "VirtualShoppingStore", "VirtualShoppingStore.csproj", "{58F890DA-9D3B-40F1-8EAE-4F4565A153CF}"
EndProject
Global
	GlobalSection(SolutionConfigurationPlatforms) = preSolution
		Debug|Any CPU = Debug|Any CPU
		Release|Any CPU = Release|Any CPU
	EndGlobalSection
	GlobalSection(ProjectConfigurationPlatforms) = postSolution
		{58F890DA-9D3B-40F1-8EAE-4F4565A153CF}.Debug|Any CPU.ActiveCfg = Debug|Any CPU
		{58F890DA-9D3B-40F1-8EAE-4F4565A153CF}.Debug|Any CPU.Build.0 = Debug|Any CPU
		{58F890DA-9D3B-40F1-8EAE-4F4565A153CF}.Release|Any CPU.ActiveCfg = Release|Any CPU
		{58F890DA-9D3B-40F1-8EAE-4F4565A153CF}.Release|Any CPU.Build.0 = Release|Any CPU
	EndGlobalSection
	GlobalSection(SolutionProperties) = preSolution
		HideSolutionNode = FALSE
	EndGlobalSection
	GlobalSection(ExtensibilityGlobals) = postSolution
		SolutionGuid = {6B9DEFCF-5813-400D-938F-9A396425C086}
	EndGlobalSection
EndGlobal
